
Microsoft Visual Studio Solution File, Format Version 12.00
# Visual Studio Version 16
VisualStudioVersion = 16.0.29324.140
MinimumVisualStudioVersion = 10.0.40219.1
Project("{FAE04EC0-301F-11D3-BF4B-00C04F79EFBC}") = "StimulSoftPractice", "StimulSoftPractice\StimulSoftPractice.csproj", "{B8CFC540-4E5A-4970-8A36-6F9435FFC120}"
EndProject
Global
	GlobalSection(SolutionConfigurationPlatforms) = preSolution
		Debug|Any CPU = Debug|Any CPU
		Release|Any CPU = Release|Any CPU
	EndGlobalSection
	GlobalSection(ProjectConfigurationPlatforms) = postSolution
		{B8CFC540-4E5A-4970-8A36-6F9435FFC120}.Debug|Any CPU.ActiveCfg = Debug|Any CPU
		{B8CFC540-4E5A-4970-8A36-6F9435FFC120}.Debug|Any CPU.Build.0 = Debug|Any CPU
		{B8CFC540-4E5A-4970-8A36-6F9435FFC120}.Release|Any CPU.ActiveCfg = Release|Any CPU
		{B8CFC540-4E5A-4970-8A36-6F9435FFC120}.Release|Any CPU.Build.0 = Release|Any CPU
	EndGlobalSection
	GlobalSection(SolutionProperties) = preSolution
		HideSolutionNode = FALSE
	EndGlobalSection
	GlobalSection(ExtensibilityGlobals) = postSolution
		SolutionGuid = {7DD3C890-19CB-45DD-9689-60F51182BA38}
	EndGlobalSection
EndGlobal
